
Microsoft Visual Studio Solution File, Format Version 12.00
Project("{FAE04EC0-301F-11D3-BF4B-00C04F79EFBC}") = "IdentityToken.API", "IdentityToken.API\IdentityToken.API.csproj", "{5A6E6F6D-E767-4604-9D21-5B362DF41934}"
EndProject
Project("{FAE04EC0-301F-11D3-BF4B-00C04F79EFBC}") = "IdentityToken.UI.Common", "IdentityToken.UI.Common\IdentityToken.UI.Common.csproj", "{0A73B6D7-450E-44DD-BE0D-C53083CC282F}"
EndProject
Project("{FAE04EC0-301F-11D3-BF4B-00C04F79EFBC}") = "IdentityToken.UI.Server", "IdentityToken.UI.Server\IdentityToken.UI.Server.csproj", "{BB2970D3-6478-4D1C-8BD3-0302C938A191}"
EndProject
Project("{FAE04EC0-301F-11D3-BF4B-00C04F79EFBC}") = "IdentityToken.UI.WASM", "IdentityToken.UI.WASM\IdentityToken.UI.WASM.csproj", "{5ED2D035-B777-442F-970F-CBB3627DFB15}"
EndProject
Global
	GlobalSection(SolutionConfigurationPlatforms) = preSolution
		Debug|Any CPU = Debug|Any CPU
		Release|Any CPU = Release|Any CPU
	EndGlobalSection
	GlobalSection(ProjectConfigurationPlatforms) = postSolution
		{5A6E6F6D-E767-4604-9D21-5B362DF41934}.Debug|Any CPU.ActiveCfg = Debug|Any CPU
		{5A6E6F6D-E767-4604-9D21-5B362DF41934}.Debug|Any CPU.Build.0 = Debug|Any CPU
		{5A6E6F6D-E767-4604-9D21-5B362DF41934}.Release|Any CPU.ActiveCfg = Release|Any CPU
		{5A6E6F6D-E767-4604-9D21-5B362DF41934}.Release|Any CPU.Build.0 = Release|Any CPU
		{0A73B6D7-450E-44DD-BE0D-C53083CC282F}.Debug|Any CPU.ActiveCfg = Debug|Any CPU
		{0A73B6D7-450E-44DD-BE0D-C53083CC282F}.Debug|Any CPU.Build.0 = Debug|Any CPU
		{0A73B6D7-450E-44DD-BE0D-C53083CC282F}.Release|Any CPU.ActiveCfg = Release|Any CPU
		{0A73B6D7-450E-44DD-BE0D-C53083CC282F}.Release|Any CPU.Build.0 = Release|Any CPU
		{BB2970D3-6478-4D1C-8BD3-0302C938A191}.Debug|Any CPU.ActiveCfg = Debug|Any CPU
		{BB2970D3-6478-4D1C-8BD3-0302C938A191}.Debug|Any CPU.Build.0 = Debug|Any CPU
		{BB2970D3-6478-4D1C-8BD3-0302C938A191}.Release|Any CPU.ActiveCfg = Release|Any CPU
		{BB2970D3-6478-4D1C-8BD3-0302C938A191}.Release|Any CPU.Build.0 = Release|Any CPU
		{5ED2D035-B777-442F-970F-CBB3627DFB15}.Debug|Any CPU.ActiveCfg = Debug|Any CPU
		{5ED2D035-B777-442F-970F-CBB3627DFB15}.Debug|Any CPU.Build.0 = Debug|Any CPU
		{5ED2D035-B777-442F-970F-CBB3627DFB15}.Release|Any CPU.ActiveCfg = Release|Any CPU
		{5ED2D035-B777-442F-970F-CBB3627DFB15}.Release|Any CPU.Build.0 = Release|Any CPU
	EndGlobalSection
EndGlobal
